
Microsoft Visual Studio Solution File, Format Version 12.00
# Visual Studio Version 17
VisualStudioVersion = 17.0.31903.59
MinimumVisualStudioVersion = 10.0.40219.1
Project("{9A19103F-16F7-4668-BE54-9A1E7A4F7556}") = "Service", "Service\Service.csproj", "{EC83B67F-BB04-4923-B161-2B6537B3849F}"
EndProject
Project("{9A19103F-16F7-4668-BE54-9A1E7A4F7556}") = "App", "App\App.csproj", "{E25A2E3D-A9E3-4435-86CE-8AD860AAD0D9}"
EndProject
Project("{9A19103F-16F7-4668-BE54-9A1E7A4F7556}") = "Logging", "Logging\Logging.csproj", "{B1177C4E-059F-4374-ADAB-DE3A00EFFD85}"
EndProject
Project("{FAE04EC0-301F-11D3-BF4B-00C04F79EFBC}") = "KafkaCreateTopics", "KafkaCreateTopics\KafkaCreateTopics.csproj", "{6687D301-45A4-4515-A756-D1D460C756BA}"
EndProject
Global
	GlobalSection(SolutionConfigurationPlatforms) = preSolution
		Debug|Any CPU = Debug|Any CPU
		Release|Any CPU = Release|Any CPU
	EndGlobalSection
	GlobalSection(ProjectConfigurationPlatforms) = postSolution
		{EC83B67F-BB04-4923-B161-2B6537B3849F}.Debug|Any CPU.ActiveCfg = Debug|Any CPU
		{EC83B67F-BB04-4923-B161-2B6537B3849F}.Debug|Any CPU.Build.0 = Debug|Any CPU
		{EC83B67F-BB04-4923-B161-2B6537B3849F}.Release|Any CPU.ActiveCfg = Release|Any CPU
		{EC83B67F-BB04-4923-B161-2B6537B3849F}.Release|Any CPU.Build.0 = Release|Any CPU
		{E25A2E3D-A9E3-4435-86CE-8AD860AAD0D9}.Debug|Any CPU.ActiveCfg = Debug|Any CPU
		{E25A2E3D-A9E3-4435-86CE-8AD860AAD0D9}.Debug|Any CPU.Build.0 = Debug|Any CPU
		{E25A2E3D-A9E3-4435-86CE-8AD860AAD0D9}.Release|Any CPU.ActiveCfg = Release|Any CPU
		{E25A2E3D-A9E3-4435-86CE-8AD860AAD0D9}.Release|Any CPU.Build.0 = Release|Any CPU
		{B1177C4E-059F-4374-ADAB-DE3A00EFFD85}.Debug|Any CPU.ActiveCfg = Debug|Any CPU
		{B1177C4E-059F-4374-ADAB-DE3A00EFFD85}.Debug|Any CPU.Build.0 = Debug|Any CPU
		{B1177C4E-059F-4374-ADAB-DE3A00EFFD85}.Release|Any CPU.ActiveCfg = Release|Any CPU
		{B1177C4E-059F-4374-ADAB-DE3A00EFFD85}.Release|Any CPU.Build.0 = Release|Any CPU
		{6687D301-45A4-4515-A756-D1D460C756BA}.Debug|Any CPU.ActiveCfg = Debug|Any CPU
		{6687D301-45A4-4515-A756-D1D460C756BA}.Debug|Any CPU.Build.0 = Debug|Any CPU
		{6687D301-45A4-4515-A756-D1D460C756BA}.Release|Any CPU.ActiveCfg = Release|Any CPU
		{6687D301-45A4-4515-A756-D1D460C756BA}.Release|Any CPU.Build.0 = Release|Any CPU
	EndGlobalSection
	GlobalSection(SolutionProperties) = preSolution
		HideSolutionNode = FALSE
	EndGlobalSection
	GlobalSection(ExtensibilityGlobals) = postSolution
		SolutionGuid = {A5216309-AB52-4C18-B67F-66E22D719701}
	EndGlobalSection
EndGlobal
